
Microsoft Visual Studio Solution File, Format Version 12.00
# Visual Studio Version 16
VisualStudioVersion = 16.0.32901.82
MinimumVisualStudioVersion = 10.0.40219.1
Project("{FAE04EC0-301F-11D3-BF4B-00C04F79EFBC}") = "Utazok_Feleves_Feladat", "Utazok_Feleves_Feladat\Utazok_Feleves_Feladat.csproj", "{880E5BD8-9613-420F-B3C8-CC0459ED40B3}"
EndProject
Global
	GlobalSection(SolutionConfigurationPlatforms) = preSolution
		Debug|Any CPU = Debug|Any CPU
		Release|Any CPU = Release|Any CPU
	EndGlobalSection
	GlobalSection(ProjectConfigurationPlatforms) = postSolution
		{880E5BD8-9613-420F-B3C8-CC0459ED40B3}.Debug|Any CPU.ActiveCfg = Debug|Any CPU
		{880E5BD8-9613-420F-B3C8-CC0459ED40B3}.Debug|Any CPU.Build.0 = Debug|Any CPU
		{880E5BD8-9613-420F-B3C8-CC0459ED40B3}.Release|Any CPU.ActiveCfg = Release|Any CPU
		{880E5BD8-9613-420F-B3C8-CC0459ED40B3}.Release|Any CPU.Build.0 = Release|Any CPU
	EndGlobalSection
	GlobalSection(SolutionProperties) = preSolution
		HideSolutionNode = FALSE
	EndGlobalSection
	GlobalSection(ExtensibilityGlobals) = postSolution
		SolutionGuid = {31485696-3240-45B5-85C3-5DFE51224E24}
	EndGlobalSection
EndGlobal
